
Microsoft Visual Studio Solution File, Format Version 12.00
# Visual Studio 15
Project("{FAE04EC0-301F-11D3-BF4B-00C04F79EFBC}") = "Assembly-CSharp", "Assembly-CSharp.csproj", "{E3EA4C62-9AB3-4E3E-AE36-94B6FEB6B1AA}"
EndProject
Project("{FAE04EC0-301F-11D3-BF4B-00C04F79EFBC}") = "Assembly-CSharp-firstpass", "Assembly-CSharp-firstpass.csproj", "{AD25CF2D-C412-EAD6-A5E5-7F43CBE95DCE}"
EndProject
Project("{FAE04EC0-301F-11D3-BF4B-00C04F79EFBC}") = "Assembly-CSharp-Editor", "Assembly-CSharp-Editor.csproj", "{E907EA5C-D3EA-7ADD-B95A-37493D0F3064}"
EndProject
Global
	GlobalSection(SolutionConfigurationPlatforms) = preSolution
		Debug|Any CPU = Debug|Any CPU
		Release|Any CPU = Release|Any CPU
	EndGlobalSection
	GlobalSection(ProjectConfigurationPlatforms) = postSolution
		{E3EA4C62-9AB3-4E3E-AE36-94B6FEB6B1AA}.Debug|Any CPU.ActiveCfg = Debug|Any CPU
		{E3EA4C62-9AB3-4E3E-AE36-94B6FEB6B1AA}.Debug|Any CPU.Build.0 = Debug|Any CPU
		{E3EA4C62-9AB3-4E3E-AE36-94B6FEB6B1AA}.Release|Any CPU.ActiveCfg = Release|Any CPU
		{E3EA4C62-9AB3-4E3E-AE36-94B6FEB6B1AA}.Release|Any CPU.Build.0 = Release|Any CPU
		{AD25CF2D-C412-EAD6-A5E5-7F43CBE95DCE}.Debug|Any CPU.ActiveCfg = Debug|Any CPU
		{AD25CF2D-C412-EAD6-A5E5-7F43CBE95DCE}.Debug|Any CPU.Build.0 = Debug|Any CPU
		{AD25CF2D-C412-EAD6-A5E5-7F43CBE95DCE}.Release|Any CPU.ActiveCfg = Release|Any CPU
		{AD25CF2D-C412-EAD6-A5E5-7F43CBE95DCE}.Release|Any CPU.Build.0 = Release|Any CPU
		{E907EA5C-D3EA-7ADD-B95A-37493D0F3064}.Debug|Any CPU.ActiveCfg = Debug|Any CPU
		{E907EA5C-D3EA-7ADD-B95A-37493D0F3064}.Debug|Any CPU.Build.0 = Debug|Any CPU
		{E907EA5C-D3EA-7ADD-B95A-37493D0F3064}.Release|Any CPU.ActiveCfg = Release|Any CPU
		{E907EA5C-D3EA-7ADD-B95A-37493D0F3064}.Release|Any CPU.Build.0 = Release|Any CPU
	EndGlobalSection
	GlobalSection(SolutionProperties) = preSolution
		HideSolutionNode = FALSE
	EndGlobalSection
EndGlobal
